
Microsoft Visual Studio Solution File, Format Version 12.00
# Visual Studio 2012
Project("{FAE04EC0-301F-11D3-BF4B-00C04F79EFBC}") = "DirtWorld", "DirtWorld\DirtWorld.csproj", "{ED7D0992-4249-4669-90E4-22E7C0FF8816}"
EndProject
Project("{9344BDBB-3E7F-41FC-A0DD-8665D75EE146}") = "DirtWorldPackage", "DirtWorldPackage\DirtWorldPackage.mdproj", "{7D0F50E6-F7CF-41EA-AE9C-CAE9C0740F27}"
EndProject
Global
	GlobalSection(SolutionConfigurationPlatforms) = preSolution
		Debug|x86 = Debug|x86
		Release|x86 = Release|x86
	EndGlobalSection
	GlobalSection(ProjectConfigurationPlatforms) = postSolution
		{7D0F50E6-F7CF-41EA-AE9C-CAE9C0740F27}.Debug|x86.ActiveCfg = Debug|Any CPU
		{7D0F50E6-F7CF-41EA-AE9C-CAE9C0740F27}.Release|x86.ActiveCfg = Release|Any CPU
		{ED7D0992-4249-4669-90E4-22E7C0FF8816}.Debug|x86.ActiveCfg = Debug|x86
		{ED7D0992-4249-4669-90E4-22E7C0FF8816}.Debug|x86.Build.0 = Debug|x86
		{ED7D0992-4249-4669-90E4-22E7C0FF8816}.Release|x86.ActiveCfg = Release|x86
		{ED7D0992-4249-4669-90E4-22E7C0FF8816}.Release|x86.Build.0 = Release|x86
	EndGlobalSection
EndGlobal
