
Microsoft Visual Studio Solution File, Format Version 12.00
# Visual Studio 2012
Project("{FAE04EC0-301F-11D3-BF4B-00C04F79EFBC}") = "DirtWorld", "DirtWorld\DirtWorld.csproj", "{ED7D0992-4249-4669-90E4-22E7C0FF8816}"
EndProject
Global
	GlobalSection(SolutionConfigurationPlatforms) = preSolution
		Debug|x86 = Debug|x86
		Release|x86 = Release|x86
	EndGlobalSection
	GlobalSection(ProjectConfigurationPlatforms) = postSolution
		{ED7D0992-4249-4669-90E4-22E7C0FF8816}.Debug|x86.ActiveCfg = Debug|x86
		{ED7D0992-4249-4669-90E4-22E7C0FF8816}.Debug|x86.Build.0 = Debug|x86
		{ED7D0992-4249-4669-90E4-22E7C0FF8816}.Release|x86.ActiveCfg = Release|x86
		{ED7D0992-4249-4669-90E4-22E7C0FF8816}.Release|x86.Build.0 = Release|x86
	EndGlobalSection
	GlobalSection(MonoDevelopProperties) = preSolution
		StartupItem = DirtWorld\DirtWorld.csproj
	EndGlobalSection
EndGlobal
